
Microsoft Visual Studio Solution File, Format Version 12.00
# Visual Studio Version 16
VisualStudioVersion = 16.0.31702.278
MinimumVisualStudioVersion = 10.0.40219.1
Project("{9A19103F-16F7-4668-BE54-9A1E7A4F7556}") = "ConsoleApp", "ConsoleApp\ConsoleApp.csproj", "{CC6072F3-0264-4B75-A34F-0D384808F22D}"
EndProject
Project("{9A19103F-16F7-4668-BE54-9A1E7A4F7556}") = "AirportLib", "AirportLib\AirportLib.csproj", "{1606EE5E-260A-4AB7-94C8-6CF7C445F3AD}"
EndProject
Project("{9A19103F-16F7-4668-BE54-9A1E7A4F7556}") = "WpfApp", "WpfApp\WpfApp.csproj", "{ACC52856-835D-4511-864B-CB3C198D87E4}"
EndProject
Global
	GlobalSection(SolutionConfigurationPlatforms) = preSolution
		Debug|Any CPU = Debug|Any CPU
		Release|Any CPU = Release|Any CPU
	EndGlobalSection
	GlobalSection(ProjectConfigurationPlatforms) = postSolution
		{CC6072F3-0264-4B75-A34F-0D384808F22D}.Debug|Any CPU.ActiveCfg = Debug|Any CPU
		{CC6072F3-0264-4B75-A34F-0D384808F22D}.Debug|Any CPU.Build.0 = Debug|Any CPU
		{CC6072F3-0264-4B75-A34F-0D384808F22D}.Release|Any CPU.ActiveCfg = Release|Any CPU
		{CC6072F3-0264-4B75-A34F-0D384808F22D}.Release|Any CPU.Build.0 = Release|Any CPU
		{1606EE5E-260A-4AB7-94C8-6CF7C445F3AD}.Debug|Any CPU.ActiveCfg = Debug|Any CPU
		{1606EE5E-260A-4AB7-94C8-6CF7C445F3AD}.Debug|Any CPU.Build.0 = Debug|Any CPU
		{1606EE5E-260A-4AB7-94C8-6CF7C445F3AD}.Release|Any CPU.ActiveCfg = Release|Any CPU
		{1606EE5E-260A-4AB7-94C8-6CF7C445F3AD}.Release|Any CPU.Build.0 = Release|Any CPU
		{ACC52856-835D-4511-864B-CB3C198D87E4}.Debug|Any CPU.ActiveCfg = Debug|Any CPU
		{ACC52856-835D-4511-864B-CB3C198D87E4}.Debug|Any CPU.Build.0 = Debug|Any CPU
		{ACC52856-835D-4511-864B-CB3C198D87E4}.Release|Any CPU.ActiveCfg = Release|Any CPU
		{ACC52856-835D-4511-864B-CB3C198D87E4}.Release|Any CPU.Build.0 = Release|Any CPU
	EndGlobalSection
	GlobalSection(SolutionProperties) = preSolution
		HideSolutionNode = FALSE
	EndGlobalSection
	GlobalSection(ExtensibilityGlobals) = postSolution
		SolutionGuid = {58D35549-974C-4046-9132-560A47ED5278}
	EndGlobalSection
EndGlobal
